<?xml version="1.0" encoding="utf-8"?>
<Project ToolsVersion="4.0" xmlns="http://schemas.microsoft.com/developer/msbuild/2003">
  <ItemGroup>
    <Filter Include="Source Files">
      <UniqueIdentifier>{4FC737F1-C7A5-4376-A066-2A32D752A2FF}</UniqueIdentifier>
      <Extensions>cpp;c;cc;cxx;c++;cppm;ixx;def;odl;idl;hpj;bat;asm;asmx</Extensions>
    </Filter>
    <Filter Include="Header Files">
      <UniqueIdentifier>{93995380-89BD-4b04-88EB-625FBE52EBFB}</UniqueIdentifier>
      <Extensions>h;hh;hpp;hxx;h++;hm;inl;inc;ipp;xsd</Extensions>
    </Filter>
    <Filter Include="Resource Files">
      <UniqueIdentifier>{67DA6AB6-F800-4c08-8B7A-83BB121AAD01}</UniqueIdentifier>
      <Extensions>rc;ico;cur;bmp;dlg;rc2;rct;bin;rgs;gif;jpg;jpeg;jpe;resx;tiff;tif;png;wav;mfcribbon-ms</Extensions>
    </Filter>
    <Filter Include="Source Files\Components">
      <UniqueIdentifier>{0f1997b1-8b2c-4652-9fd9-f49fb5a8f1f7}</UniqueIdentifier>
    </Filter>
    <Filter Include="Header Files\Components">
      <UniqueIdentifier>{2b9ed97c-e5bb-4e36-bf11-f530734bd856}</UniqueIdentifier>
    </Filter>
    <Filter Include="Header Files\Commands">
      <UniqueIdentifier>{0fe0d691-c563-4292-9724-67d2470ceb36}</UniqueIdentifier>
    </Filter>
    <Filter Include="Source Files\Commands">
      <UniqueIdentifier>{84bec90a-691c-4805-bfa3-1fe0a64d19e7}</UniqueIdentifier>
    </Filter>
    <Filter Include="Header Files\Level">
      <UniqueIdentifier>{2c316b84-c77d-4cd7-8334-34934e47eb52}</UniqueIdentifier>
    </Filter>
    <Filter Include="Source Files\Level">
      <UniqueIdentifier>{cb5c8e66-c47a-4d38-a8d1-af64f2c37d71}</UniqueIdentifier>
    </Filter>
    <Filter Include="Source Files\Commands\Qbert">
      <UniqueIdentifier>{e5b47d74-58a6-4f72-acfe-2c468f78c7de}</UniqueIdentifier>
    </Filter>
    <Filter Include="Header Files\Commands\Qbert">
      <UniqueIdentifier>{4ad6969c-a7a0-4c1c-9ad5-72f16c54ce6e}</UniqueIdentifier>
    </Filter>
    <Filter Include="Source Files\Entities">
      <UniqueIdentifier>{e55995d4-a488-4bfe-a54c-e0af3dc466d1}</UniqueIdentifier>
    </Filter>
    <Filter Include="Source Files\Entities\Coily">
      <UniqueIdentifier>{05a7d9fe-f7e0-4cb1-a292-3718daceefd4}</UniqueIdentifier>
    </Filter>
    <Filter Include="Source Files\Entities\Coily\FSM">
      <UniqueIdentifier>{cd90b55b-1366-4af0-84d3-b5728530d928}</UniqueIdentifier>
    </Filter>
    <Filter Include="Header Files\Entities">
      <UniqueIdentifier>{d44dc348-5ef5-404b-b4c8-c038f022374e}</UniqueIdentifier>
    </Filter>
    <Filter Include="Header Files\Entities\Coily">
      <UniqueIdentifier>{cb3746d7-7237-4875-9f47-81e7d9aa878a}</UniqueIdentifier>
    </Filter>
    <Filter Include="Header Files\Entities\Coily\FSM">
      <UniqueIdentifier>{a56a5254-bf58-4265-8ed3-ae0defa66403}</UniqueIdentifier>
    </Filter>
    <Filter Include="Header Files\Entities\Qbert">
      <UniqueIdentifier>{ba8a745b-11a6-4dce-b650-a751acf59978}</UniqueIdentifier>
    </Filter>
    <Filter Include="Source Files\Entities\Qbert">
      <UniqueIdentifier>{9ca2b0de-34b0-45d5-a39b-7e04d8d4e0ae}</UniqueIdentifier>
    </Filter>
    <Filter Include="Header Files\Entities\Qbert\FSM">
      <UniqueIdentifier>{a18feb2f-9d31-4b81-b741-8b3544208689}</UniqueIdentifier>
    </Filter>
    <Filter Include="Source Files\Entities\Qbert\FSM">
      <UniqueIdentifier>{bbd3148e-c488-4d72-b9d8-bf1e3553a921}</UniqueIdentifier>
    </Filter>
  </ItemGroup>
  <ItemGroup>
    <ClCompile Include="main.cpp">
      <Filter>Source Files</Filter>
    </ClCompile>
    <ClCompile Include="ScoreDisplayComponent.cpp">
      <Filter>Source Files\Components</Filter>
    </ClCompile>
    <ClCompile Include="ScoreComponent.cpp">
      <Filter>Source Files\Components</Filter>
    </ClCompile>
    <ClCompile Include="FPSComponent.cpp">
      <Filter>Source Files\Components</Filter>
    </ClCompile>
    <ClCompile Include="HealthComponent.cpp">
      <Filter>Source Files\Components</Filter>
    </ClCompile>
    <ClCompile Include="HealthDisplayComponent.cpp">
      <Filter>Source Files\Components</Filter>
    </ClCompile>
    <ClCompile Include="CoilyBehaviourComponent.cpp">
      <Filter>Source Files\Entities\Coily</Filter>
    </ClCompile>
    <ClCompile Include="CoilyState.cpp">
      <Filter>Source Files\Entities\Coily\FSM</Filter>
    </ClCompile>
    <ClCompile Include="EggStaticState.cpp">
      <Filter>Source Files\Entities\Coily\FSM</Filter>
    </ClCompile>
    <ClCompile Include="EggJumpingState.cpp">
      <Filter>Source Files\Entities\Coily\FSM</Filter>
    </ClCompile>
    <ClCompile Include="HatchedStaticState.cpp">
      <Filter>Source Files\Entities\Coily\FSM</Filter>
    </ClCompile>
    <ClCompile Include="HatchedJumpingState.cpp">
      <Filter>Source Files\Entities\Coily\FSM</Filter>
    </ClCompile>
    <ClCompile Include="PiramidComponent.cpp">
      <Filter>Source Files\Level</Filter>
    </ClCompile>
    <ClCompile Include="IsometricGridPositionComponent.cpp">
      <Filter>Source Files\Components</Filter>
    </ClCompile>
    <ClCompile Include="CubeColorComponent.cpp">
      <Filter>Source Files\Components</Filter>
    </ClCompile>
    <ClCompile Include="QbertObjects.cpp">
      <Filter>Source Files</Filter>
    </ClCompile>
    <ClCompile Include="EggFallingState.cpp">
      <Filter>Source Files\Entities\Coily\FSM</Filter>
    </ClCompile>
    <ClCompile Include="Piramid.cpp">
      <Filter>Source Files\Level</Filter>
    </ClCompile>
    <ClCompile Include="EntityManager.cpp">
      <Filter>Source Files\Entities</Filter>
    </ClCompile>
    <ClCompile Include="QbertCommands.cpp">
      <Filter>Source Files\Commands\Qbert</Filter>
    </ClCompile>
    <ClCompile Include="QbertBehaviourComponent.cpp">
      <Filter>Source Files\Entities\Qbert</Filter>
    </ClCompile>
    <ClCompile Include="QbertState.cpp">
      <Filter>Source Files\Entities\Qbert\FSM</Filter>
    </ClCompile>
    <ClCompile Include="QbertMovingState.cpp">
      <Filter>Source Files\Entities\Qbert\FSM</Filter>
    </ClCompile>
    <ClCompile Include="QbertFallingState.cpp">
      <Filter>Source Files\Entities\Qbert\FSM</Filter>
    </ClCompile>
    <ClCompile Include="QbertTeleporterState.cpp">
      <Filter>Source Files\Entities\Qbert\FSM</Filter>
    </ClCompile>
    <ClCompile Include="QbertStaticState.cpp">
      <Filter>Source Files\Entities\Qbert\FSM</Filter>
    </ClCompile>
    <ClCompile Include="QbertScenes.cpp">
      <Filter>Source Files</Filter>
    </ClCompile>
  </ItemGroup>
  <ItemGroup>
    <ClInclude Include="FPSComponent.h">
      <Filter>Header Files\Components</Filter>
    </ClInclude>
    <ClInclude Include="HealthComponent.h">
      <Filter>Header Files\Components</Filter>
    </ClInclude>
    <ClInclude Include="HealthDisplayComponent.h">
      <Filter>Header Files\Components</Filter>
    </ClInclude>
    <ClInclude Include="IsometricGridPositionComponent.h">
      <Filter>Header Files\Components</Filter>
    </ClInclude>
    <ClInclude Include="ScoreDisplayComponent.h">
      <Filter>Header Files\Components</Filter>
    </ClInclude>
    <ClInclude Include="ScoreComponent.h">
      <Filter>Header Files\Components</Filter>
    </ClInclude>
    <ClInclude Include="IsometricGrid.h">
      <Filter>Header Files\Level</Filter>
    </ClInclude>
    <ClInclude Include="CoilyBehaviourComponent.h">
      <Filter>Header Files\Entities\Coily</Filter>
    </ClInclude>
    <ClInclude Include="CoilyState.h">
      <Filter>Header Files\Entities\Coily\FSM</Filter>
    </ClInclude>
    <ClInclude Include="EggStaticState.h">
      <Filter>Header Files\Entities\Coily\FSM</Filter>
    </ClInclude>
    <ClInclude Include="EggJumpingState.h">
      <Filter>Header Files\Entities\Coily\FSM</Filter>
    </ClInclude>
    <ClInclude Include="HatchedStaticState.h">
      <Filter>Header Files\Entities\Coily\FSM</Filter>
    </ClInclude>
    <ClInclude Include="HatchedJumpingState.h">
      <Filter>Header Files\Entities\Coily\FSM</Filter>
    </ClInclude>
    <ClInclude Include="PiramidComponent.h">
      <Filter>Header Files\Level</Filter>
    </ClInclude>
    <ClInclude Include="CubeColorComponent.h">
      <Filter>Header Files\Components</Filter>
    </ClInclude>
    <ClInclude Include="QbertObjects.h">
      <Filter>Header Files</Filter>
    </ClInclude>
    <ClInclude Include="EggFallingState.h">
      <Filter>Header Files\Entities\Coily\FSM</Filter>
    </ClInclude>
    <ClInclude Include="Piramid.h">
      <Filter>Header Files\Level</Filter>
    </ClInclude>
    <ClInclude Include="EntityManager.h">
      <Filter>Header Files\Entities</Filter>
    </ClInclude>
    <ClInclude Include="QbertCommands.h">
      <Filter>Header Files\Commands\Qbert</Filter>
    </ClInclude>
    <ClInclude Include="QbertBehaviourComponent.h">
      <Filter>Header Files\Entities\Qbert</Filter>
    </ClInclude>
    <ClInclude Include="QbertState.h">
      <Filter>Header Files\Entities\Qbert\FSM</Filter>
    </ClInclude>
    <ClInclude Include="QbertMovingState.h">
      <Filter>Header Files\Entities\Qbert\FSM</Filter>
    </ClInclude>
    <ClInclude Include="QbertFallingState.h">
      <Filter>Header Files\Entities\Qbert\FSM</Filter>
    </ClInclude>
    <ClInclude Include="QbertTeleporterState.h">
      <Filter>Header Files\Entities\Qbert\FSM</Filter>
    </ClInclude>
    <ClInclude Include="StateHelpers.h">
      <Filter>Header Files\Entities</Filter>
    </ClInclude>
    <ClInclude Include="QbertStaticState.h">
      <Filter>Header Files\Entities\Qbert\FSM</Filter>
    </ClInclude>
    <ClInclude Include="QbertScenes.h">
      <Filter>Header Files</Filter>
    </ClInclude>
  </ItemGroup>
</Project>